
Microsoft Visual Studio Solution File, Format Version 12.00
# Visual Studio Version 17
VisualStudioVersion = 17.9.34902.65
MinimumVisualStudioVersion = 10.0.40219.1
Project("{FAE04EC0-301F-11D3-BF4B-00C04F79EFBC}") = "Atm.WinFormsUI", "Atm.WinFormsUI\Atm.WinFormsUI.csproj", "{0E5BB693-821F-44CE-B2FC-A87F874B459C}"
EndProject
Global
	GlobalSection(SolutionConfigurationPlatforms) = preSolution
		Debug|Any CPU = Debug|Any CPU
		Release|Any CPU = Release|Any CPU
	EndGlobalSection
	GlobalSection(ProjectConfigurationPlatforms) = postSolution
		{0E5BB693-821F-44CE-B2FC-A87F874B459C}.Debug|Any CPU.ActiveCfg = Debug|Any CPU
		{0E5BB693-821F-44CE-B2FC-A87F874B459C}.Debug|Any CPU.Build.0 = Debug|Any CPU
		{0E5BB693-821F-44CE-B2FC-A87F874B459C}.Release|Any CPU.ActiveCfg = Release|Any CPU
		{0E5BB693-821F-44CE-B2FC-A87F874B459C}.Release|Any CPU.Build.0 = Release|Any CPU
	EndGlobalSection
	GlobalSection(SolutionProperties) = preSolution
		HideSolutionNode = FALSE
	EndGlobalSection
	GlobalSection(ExtensibilityGlobals) = postSolution
		SolutionGuid = {F1C117CE-01C0-43EE-80A0-7B3C47588F0D}
	EndGlobalSection
EndGlobal
